
Microsoft Visual Studio Solution File, Format Version 12.00
# Visual Studio 15
VisualStudioVersion = 15.0.28307.1500
MinimumVisualStudioVersion = 10.0.40219.1
Project("{FAE04EC0-301F-11D3-BF4B-00C04F79EFBC}") = "DisableGoodWalls", "DisableGoodWalls\DisableGoodWalls.csproj", "{D68812B4-5F3B-45F7-85F6-E106AB712FA0}"
EndProject
Global
	GlobalSection(SolutionConfigurationPlatforms) = preSolution
		Debug|Any CPU = Debug|Any CPU
		Release|Any CPU = Release|Any CPU
	EndGlobalSection
	GlobalSection(ProjectConfigurationPlatforms) = postSolution
		{D68812B4-5F3B-45F7-85F6-E106AB712FA0}.Debug|Any CPU.ActiveCfg = Debug|Any CPU
		{D68812B4-5F3B-45F7-85F6-E106AB712FA0}.Debug|Any CPU.Build.0 = Debug|Any CPU
		{D68812B4-5F3B-45F7-85F6-E106AB712FA0}.Release|Any CPU.ActiveCfg = Release|Any CPU
		{D68812B4-5F3B-45F7-85F6-E106AB712FA0}.Release|Any CPU.Build.0 = Release|Any CPU
	EndGlobalSection
	GlobalSection(SolutionProperties) = preSolution
		HideSolutionNode = FALSE
	EndGlobalSection
	GlobalSection(ExtensibilityGlobals) = postSolution
		SolutionGuid = {3E6BC0A1-BFB9-4BFB-AF67-CAF85D2E6DCF}
	EndGlobalSection
EndGlobal
